// !$*UTF8*$!
{
	archiveVersion = 1;
	classes = {
	};
	objectVersion = 56;
	objects = {

/* Begin PBXBuildFile section */
		182C9A372994AFE500E42D35 /* AppDelegate.swift in Sources */ = {isa = PBXBuildFile; fileRef = 182C9A362994AFE500E42D35 /* AppDelegate.swift */; };
		182C9A392994AFE500E42D35 /* SceneDelegate.swift in Sources */ = {isa = PBXBuildFile; fileRef = 182C9A382994AFE500E42D35 /* SceneDelegate.swift */; };
		182C9A3B2994AFE500E42D35 /* LoginViewController.swift in Sources */ = {isa = PBXBuildFile; fileRef = 182C9A3A2994AFE500E42D35 /* LoginViewController.swift */; };
		182C9A3E2994AFE500E42D35 /* Main.storyboard in Resources */ = {isa = PBXBuildFile; fileRef = 182C9A3C2994AFE500E42D35 /* Main.storyboard */; };
		182C9A402994AFE500E42D35 /* Assets.xcassets in Resources */ = {isa = PBXBuildFile; fileRef = 182C9A3F2994AFE500E42D35 /* Assets.xcassets */; };
		182C9A432994AFE500E42D35 /* LaunchScreen.storyboard in Resources */ = {isa = PBXBuildFile; fileRef = 182C9A412994AFE500E42D35 /* LaunchScreen.storyboard */; };
		182C9A4E2994AFE500E42D35 /* MVVMTests.swift in Sources */ = {isa = PBXBuildFile; fileRef = 182C9A4D2994AFE500E42D35 /* MVVMTests.swift */; };
		182C9A582994AFE600E42D35 /* MVVMUITests.swift in Sources */ = {isa = PBXBuildFile; fileRef = 182C9A572994AFE600E42D35 /* MVVMUITests.swift */; };
		182C9A5A2994AFE600E42D35 /* MVVMUITestsLaunchTests.swift in Sources */ = {isa = PBXBuildFile; fileRef = 182C9A592994AFE600E42D35 /* MVVMUITestsLaunchTests.swift */; };
		182C9A692994B02B00E42D35 /* LoginViewModel.swift in Sources */ = {isa = PBXBuildFile; fileRef = 182C9A682994B02B00E42D35 /* LoginViewModel.swift */; };
		182C9A6C2994B05200E42D35 /* HomeViewController.swift in Sources */ = {isa = PBXBuildFile; fileRef = 182C9A6B2994B05200E42D35 /* HomeViewController.swift */; };
		182C9A6E2994B06A00E42D35 /* HomeViewModel.swift in Sources */ = {isa = PBXBuildFile; fileRef = 182C9A6D2994B06A00E42D35 /* HomeViewModel.swift */; };
		182C9A712994B08400E42D35 /* NetworkService.swift in Sources */ = {isa = PBXBuildFile; fileRef = 182C9A702994B08400E42D35 /* NetworkService.swift */; };
		182C9A742994B09B00E42D35 /* ObservableObject.swift in Sources */ = {isa = PBXBuildFile; fileRef = 182C9A732994B09B00E42D35 /* ObservableObject.swift */; };
		182C9A772994B2A900E42D35 /* User.swift in Sources */ = {isa = PBXBuildFile; fileRef = 182C9A762994B2A900E42D35 /* User.swift */; };
/* End PBXBuildFile section */

/* Begin PBXContainerItemProxy section */
		182C9A4A2994AFE500E42D35 /* PBXContainerItemProxy */ = {
			isa = PBXContainerItemProxy;
			containerPortal = 182C9A2B2994AFE400E42D35 /* Project object */;
			proxyType = 1;
			remoteGlobalIDString = 182C9A322994AFE500E42D35;
			remoteInfo = DesignPattern;
		};
		182C9A542994AFE600E42D35 /* PBXContainerItemProxy */ = {
			isa = PBXContainerItemProxy;
			containerPortal = 182C9A2B2994AFE400E42D35 /* Project object */;
			proxyType = 1;
			remoteGlobalIDString = 182C9A322994AFE500E42D35;
			remoteInfo = DesignPattern;
		};
/* End PBXContainerItemProxy section */

/* Begin PBXFileReference section */
		182C9A332994AFE500E42D35 /* MVVM.app */ = {isa = PBXFileReference; explicitFileType = wrapper.application; includeInIndex = 0; path = MVVM.app; sourceTree = BUILT_PRODUCTS_DIR; };
		182C9A362994AFE500E42D35 /* AppDelegate.swift */ = {isa = PBXFileReference; lastKnownFileType = sourcecode.swift; path = AppDelegate.swift; sourceTree = "<group>"; };
		182C9A382994AFE500E42D35 /* SceneDelegate.swift */ = {isa = PBXFileReference; lastKnownFileType = sourcecode.swift; path = SceneDelegate.swift; sourceTree = "<group>"; };
		182C9A3A2994AFE500E42D35 /* LoginViewController.swift */ = {isa = PBXFileReference; lastKnownFileType = sourcecode.swift; path = LoginViewController.swift; sourceTree = "<group>"; };
		182C9A3D2994AFE500E42D35 /* Base */ = {isa = PBXFileReference; lastKnownFileType = file.storyboard; name = Base; path = Base.lproj/Main.storyboard; sourceTree = "<group>"; };
		182C9A3F2994AFE500E42D35 /* Assets.xcassets */ = {isa = PBXFileReference; lastKnownFileType = folder.assetcatalog; path = Assets.xcassets; sourceTree = "<group>"; };
		182C9A422994AFE500E42D35 /* Base */ = {isa = PBXFileReference; lastKnownFileType = file.storyboard; name = Base; path = Base.lproj/LaunchScreen.storyboard; sourceTree = "<group>"; };
		182C9A442994AFE500E42D35 /* Info.plist */ = {isa = PBXFileReference; lastKnownFileType = text.plist.xml; path = Info.plist; sourceTree = "<group>"; };
		182C9A492994AFE500E42D35 /* MVVMTests.xctest */ = {isa = PBXFileReference; explicitFileType = wrapper.cfbundle; includeInIndex = 0; path = MVVMTests.xctest; sourceTree = BUILT_PRODUCTS_DIR; };
		182C9A4D2994AFE500E42D35 /* MVVMTests.swift */ = {isa = PBXFileReference; lastKnownFileType = sourcecode.swift; path = MVVMTests.swift; sourceTree = "<group>"; };
		182C9A532994AFE500E42D35 /* MVVMUITests.xctest */ = {isa = PBXFileReference; explicitFileType = wrapper.cfbundle; includeInIndex = 0; path = MVVMUITests.xctest; sourceTree = BUILT_PRODUCTS_DIR; };
		182C9A572994AFE600E42D35 /* MVVMUITests.swift */ = {isa = PBXFileReference; lastKnownFileType = sourcecode.swift; path = MVVMUITests.swift; sourceTree = "<group>"; };
		182C9A592994AFE600E42D35 /* MVVMUITestsLaunchTests.swift */ = {isa = PBXFileReference; lastKnownFileType = sourcecode.swift; path = MVVMUITestsLaunchTests.swift; sourceTree = "<group>"; };
		182C9A682994B02B00E42D35 /* LoginViewModel.swift */ = {isa = PBXFileReference; lastKnownFileType = sourcecode.swift; path = LoginViewModel.swift; sourceTree = "<group>"; };
		182C9A6B2994B05200E42D35 /* HomeViewController.swift */ = {isa = PBXFileReference; lastKnownFileType = sourcecode.swift; path = HomeViewController.swift; sourceTree = "<group>"; };
		182C9A6D2994B06A00E42D35 /* HomeViewModel.swift */ = {isa = PBXFileReference; lastKnownFileType = sourcecode.swift; path = HomeViewModel.swift; sourceTree = "<group>"; };
		182C9A702994B08400E42D35 /* NetworkService.swift */ = {isa = PBXFileReference; lastKnownFileType = sourcecode.swift; path = NetworkService.swift; sourceTree = "<group>"; };
		182C9A732994B09B00E42D35 /* ObservableObject.swift */ = {isa = PBXFileReference; lastKnownFileType = sourcecode.swift; path = ObservableObject.swift; sourceTree = "<group>"; };
		182C9A762994B2A900E42D35 /* User.swift */ = {isa = PBXFileReference; lastKnownFileType = sourcecode.swift; path = User.swift; sourceTree = "<group>"; };
/* End PBXFileReference section */

/* Begin PBXFrameworksBuildPhase section */
		182C9A302994AFE500E42D35 /* Frameworks */ = {
			isa = PBXFrameworksBuildPhase;
			buildActionMask = 2147483647;
			files = (
			);
			runOnlyForDeploymentPostprocessing = 0;
		};
		182C9A462994AFE500E42D35 /* Frameworks */ = {
			isa = PBXFrameworksBuildPhase;
			buildActionMask = 2147483647;
			files = (
			);
			runOnlyForDeploymentPostprocessing = 0;
		};
		182C9A502994AFE500E42D35 /* Frameworks */ = {
			isa = PBXFrameworksBuildPhase;
			buildActionMask = 2147483647;
			files = (
			);
			runOnlyForDeploymentPostprocessing = 0;
		};
/* End PBXFrameworksBuildPhase section */

/* Begin PBXGroup section */
		182C9A2A2994AFE400E42D35 = {
			isa = PBXGroup;
			children = (
				182C9A352994AFE500E42D35 /* DesignPattern */,
				182C9A4C2994AFE500E42D35 /* MVVMTests */,
				182C9A562994AFE600E42D35 /* MVVMUITests */,
				182C9A342994AFE500E42D35 /* Products */,
			);
			sourceTree = "<group>";
		};
		182C9A342994AFE500E42D35 /* Products */ = {
			isa = PBXGroup;
			children = (
				182C9A332994AFE500E42D35 /* MVVM.app */,
				182C9A492994AFE500E42D35 /* MVVMTests.xctest */,
				182C9A532994AFE500E42D35 /* MVVMUITests.xctest */,
			);
			name = Products;
			sourceTree = "<group>";
		};
		182C9A352994AFE500E42D35 /* DesignPattern */ = {
			isa = PBXGroup;
			children = (
				182C9A662994AFF900E42D35 /* Utility */,
				182C9A722994B08C00E42D35 /* Observer */,
				182C9A6F2994B07300E42D35 /* APICaller */,
				182C9A752994B29F00E42D35 /* Model */,
				182C9A6A2994B03F00E42D35 /* HomeView */,
				182C9A672994B00F00E42D35 /* LoginView */,
				182C9A782994B33800E42D35 /* View */,
				182C9A3F2994AFE500E42D35 /* Assets.xcassets */,
				182C9A442994AFE500E42D35 /* Info.plist */,
			);
			path = DesignPattern;
			sourceTree = "<group>";
		};
		182C9A4C2994AFE500E42D35 /* MVVMTests */ = {
			isa = PBXGroup;
			children = (
				182C9A4D2994AFE500E42D35 /* MVVMTests.swift */,
			);
			path = MVVMTests;
			sourceTree = "<group>";
		};
		182C9A562994AFE600E42D35 /* MVVMUITests */ = {
			isa = PBXGroup;
			children = (
				182C9A572994AFE600E42D35 /* MVVMUITests.swift */,
				182C9A592994AFE600E42D35 /* MVVMUITestsLaunchTests.swift */,
			);
			path = MVVMUITests;
			sourceTree = "<group>";
		};
		182C9A662994AFF900E42D35 /* Utility */ = {
			isa = PBXGroup;
			children = (
				182C9A362994AFE500E42D35 /* AppDelegate.swift */,
				182C9A382994AFE500E42D35 /* SceneDelegate.swift */,
			);
			path = Utility;
			sourceTree = "<group>";
		};
		182C9A672994B00F00E42D35 /* LoginView */ = {
			isa = PBXGroup;
			children = (
				182C9A3A2994AFE500E42D35 /* LoginViewController.swift */,
				182C9A682994B02B00E42D35 /* LoginViewModel.swift */,
			);
			path = LoginView;
			sourceTree = "<group>";
		};
		182C9A6A2994B03F00E42D35 /* HomeView */ = {
			isa = PBXGroup;
			children = (
				182C9A6B2994B05200E42D35 /* HomeViewController.swift */,
				182C9A6D2994B06A00E42D35 /* HomeViewModel.swift */,
			);
			path = HomeView;
			sourceTree = "<group>";
		};
		182C9A6F2994B07300E42D35 /* APICaller */ = {
			isa = PBXGroup;
			children = (
				182C9A702994B08400E42D35 /* NetworkService.swift */,
			);
			path = APICaller;
			sourceTree = "<group>";
		};
		182C9A722994B08C00E42D35 /* Observer */ = {
			isa = PBXGroup;
			children = (
				182C9A732994B09B00E42D35 /* ObservableObject.swift */,
			);
			path = Observer;
			sourceTree = "<group>";
		};
		182C9A752994B29F00E42D35 /* Model */ = {
			isa = PBXGroup;
			children = (
				182C9A762994B2A900E42D35 /* User.swift */,
			);
			path = Model;
			sourceTree = "<group>";
		};
		182C9A782994B33800E42D35 /* View */ = {
			isa = PBXGroup;
			children = (
				182C9A3C2994AFE500E42D35 /* Main.storyboard */,
				182C9A412994AFE500E42D35 /* LaunchScreen.storyboard */,
			);
			path = View;
			sourceTree = "<group>";
		};
/* End PBXGroup section */

/* Begin PBXNativeTarget section */
		182C9A322994AFE500E42D35 /* MVVM */ = {
			isa = PBXNativeTarget;
			buildConfigurationList = 182C9A5D2994AFE600E42D35 /* Build configuration list for PBXNativeTarget "MVVM" */;
			buildPhases = (
				182C9A2F2994AFE500E42D35 /* Sources */,
				182C9A302994AFE500E42D35 /* Frameworks */,
				182C9A312994AFE500E42D35 /* Resources */,
			);
			buildRules = (
			);
			dependencies = (
			);
			name = MVVM;
			productName = DesignPattern;
			productReference = 182C9A332994AFE500E42D35 /* MVVM.app */;
			productType = "com.apple.product-type.application";
		};
		182C9A482994AFE500E42D35 /* MVVMTests */ = {
			isa = PBXNativeTarget;
			buildConfigurationList = 182C9A602994AFE600E42D35 /* Build configuration list for PBXNativeTarget "MVVMTests" */;
			buildPhases = (
				182C9A452994AFE500E42D35 /* Sources */,
				182C9A462994AFE500E42D35 /* Frameworks */,
				182C9A472994AFE500E42D35 /* Resources */,
			);
			buildRules = (
			);
			dependencies = (
				182C9A4B2994AFE500E42D35 /* PBXTargetDependency */,
			);
			name = MVVMTests;
			productName = DesignPatternTests;
			productReference = 182C9A492994AFE500E42D35 /* MVVMTests.xctest */;
			productType = "com.apple.product-type.bundle.unit-test";
		};
		182C9A522994AFE500E42D35 /* MVVMUITests */ = {
			isa = PBXNativeTarget;
			buildConfigurationList = 182C9A632994AFE600E42D35 /* Build configuration list for PBXNativeTarget "MVVMUITests" */;
			buildPhases = (
				182C9A4F2994AFE500E42D35 /* Sources */,
				182C9A502994AFE500E42D35 /* Frameworks */,
				182C9A512994AFE500E42D35 /* Resources */,
			);
			buildRules = (
			);
			dependencies = (
				182C9A552994AFE600E42D35 /* PBXTargetDependency */,
			);
			name = MVVMUITests;
			productName = DesignPatternUITests;
			productReference = 182C9A532994AFE500E42D35 /* MVVMUITests.xctest */;
			productType = "com.apple.product-type.bundle.ui-testing";
		};
/* End PBXNativeTarget section */

/* Begin PBXProject section */
		182C9A2B2994AFE400E42D35 /* Project object */ = {
			isa = PBXProject;
			attributes = {
				BuildIndependentTargetsInParallel = 1;
				LastSwiftUpdateCheck = 1420;
				LastUpgradeCheck = 1420;
				TargetAttributes = {
					182C9A322994AFE500E42D35 = {
						CreatedOnToolsVersion = 14.2;
					};
					182C9A482994AFE500E42D35 = {
						CreatedOnToolsVersion = 14.2;
						TestTargetID = 182C9A322994AFE500E42D35;
					};
					182C9A522994AFE500E42D35 = {
						CreatedOnToolsVersion = 14.2;
						TestTargetID = 182C9A322994AFE500E42D35;
					};
				};
			};
			buildConfigurationList = 182C9A2E2994AFE400E42D35 /* Build configuration list for PBXProject "MVVM" */;
			compatibilityVersion = "Xcode 14.0";
			developmentRegion = en;
			hasScannedForEncodings = 0;
			knownRegions = (
				en,
				Base,
			);
			mainGroup = 182C9A2A2994AFE400E42D35;
			productRefGroup = 182C9A342994AFE500E42D35 /* Products */;
			projectDirPath = "";
			projectRoot = "";
			targets = (
				182C9A322994AFE500E42D35 /* MVVM */,
				182C9A482994AFE500E42D35 /* MVVMTests */,
				182C9A522994AFE500E42D35 /* MVVMUITests */,
			);
		};
/* End PBXProject section */

/* Begin PBXResourcesBuildPhase section */
		182C9A312994AFE500E42D35 /* Resources */ = {
			isa = PBXResourcesBuildPhase;
			buildActionMask = 2147483647;
			files = (
				182C9A432994AFE500E42D35 /* LaunchScreen.storyboard in Resources */,
				182C9A402994AFE500E42D35 /* Assets.xcassets in Resources */,
				182C9A3E2994AFE500E42D35 /* Main.storyboard in Resources */,
			);
			runOnlyForDeploymentPostprocessing = 0;
		};
		182C9A472994AFE500E42D35 /* Resources */ = {
			isa = PBXResourcesBuildPhase;
			buildActionMask = 2147483647;
			files = (
			);
			runOnlyForDeploymentPostprocessing = 0;
		};
		182C9A512994AFE500E42D35 /* Resources */ = {
			isa = PBXResourcesBuildPhase;
			buildActionMask = 2147483647;
			files = (
			);
			runOnlyForDeploymentPostprocessing = 0;
		};
/* End PBXResourcesBuildPhase section */

/* Begin PBXSourcesBuildPhase section */
		182C9A2F2994AFE500E42D35 /* Sources */ = {
			isa = PBXSourcesBuildPhase;
			buildActionMask = 2147483647;
			files = (
				182C9A6C2994B05200E42D35 /* HomeViewController.swift in Sources */,
				182C9A6E2994B06A00E42D35 /* HomeViewModel.swift in Sources */,
				182C9A692994B02B00E42D35 /* LoginViewModel.swift in Sources */,
				182C9A3B2994AFE500E42D35 /* LoginViewController.swift in Sources */,
				182C9A372994AFE500E42D35 /* AppDelegate.swift in Sources */,
				182C9A772994B2A900E42D35 /* User.swift in Sources */,
				182C9A742994B09B00E42D35 /* ObservableObject.swift in Sources */,
				182C9A392994AFE500E42D35 /* SceneDelegate.swift in Sources */,
				182C9A712994B08400E42D35 /* NetworkService.swift in Sources */,
			);
			runOnlyForDeploymentPostprocessing = 0;
		};
		182C9A452994AFE500E42D35 /* Sources */ = {
			isa = PBXSourcesBuildPhase;
			buildActionMask = 2147483647;
			files = (
				182C9A4E2994AFE500E42D35 /* MVVMTests.swift in Sources */,
			);
			runOnlyForDeploymentPostprocessing = 0;
		};
		182C9A4F2994AFE500E42D35 /* Sources */ = {
			isa = PBXSourcesBuildPhase;
			buildActionMask = 2147483647;
			files = (
				182C9A582994AFE600E42D35 /* MVVMUITests.swift in Sources */,
				182C9A5A2994AFE600E42D35 /* MVVMUITestsLaunchTests.swift in Sources */,
			);
			runOnlyForDeploymentPostprocessing = 0;
		};
/* End PBXSourcesBuildPhase section */

/* Begin PBXTargetDependency section */
		182C9A4B2994AFE500E42D35 /* PBXTargetDependency */ = {
			isa = PBXTargetDependency;
			target = 182C9A322994AFE500E42D35 /* MVVM */;
			targetProxy = 182C9A4A2994AFE500E42D35 /* PBXContainerItemProxy */;
		};
		182C9A552994AFE600E42D35 /* PBXTargetDependency */ = {
			isa = PBXTargetDependency;
			target = 182C9A322994AFE500E42D35 /* MVVM */;
			targetProxy = 182C9A542994AFE600E42D35 /* PBXContainerItemProxy */;
		};
/* End PBXTargetDependency section */

/* Begin PBXVariantGroup section */
		182C9A3C2994AFE500E42D35 /* Main.storyboard */ = {
			isa = PBXVariantGroup;
			children = (
				182C9A3D2994AFE500E42D35 /* Base */,
			);
			name = Main.storyboard;
			sourceTree = "<group>";
		};
		182C9A412994AFE500E42D35 /* LaunchScreen.storyboard */ = {
			isa = PBXVariantGroup;
			children = (
				182C9A422994AFE500E42D35 /* Base */,
			);
			name = LaunchScreen.storyboard;
			sourceTree = "<group>";
		};
/* End PBXVariantGroup section */

/* Begin XCBuildConfiguration section */
		182C9A5B2994AFE600E42D35 /* Debug */ = {
			isa = XCBuildConfiguration;
			buildSettings = {
				ALWAYS_SEARCH_USER_PATHS = NO;
				CLANG_ANALYZER_NONNULL = YES;
				CLANG_ANALYZER_NUMBER_OBJECT_CONVERSION = YES_AGGRESSIVE;
				CLANG_CXX_LANGUAGE_STANDARD = "gnu++20";
				CLANG_ENABLE_MODULES = YES;
				CLANG_ENABLE_OBJC_ARC = YES;
				CLANG_ENABLE_OBJC_WEAK = YES;
				CLANG_WARN_BLOCK_CAPTURE_AUTORELEASING = YES;
				CLANG_WARN_BOOL_CONVERSION = YES;
				CLANG_WARN_COMMA = YES;
				CLANG_WARN_CONSTANT_CONVERSION = YES;
				CLANG_WARN_DEPRECATED_OBJC_IMPLEMENTATIONS = YES;
				CLANG_WARN_DIRECT_OBJC_ISA_USAGE = YES_ERROR;
				CLANG_WARN_DOCUMENTATION_COMMENTS = YES;
				CLANG_WARN_EMPTY_BODY = YES;
				CLANG_WARN_ENUM_CONVERSION = YES;
				CLANG_WARN_INFINITE_RECURSION = YES;
				CLANG_WARN_INT_CONVERSION = YES;
				CLANG_WARN_NON_LITERAL_NULL_CONVERSION = YES;
				CLANG_WARN_OBJC_IMPLICIT_RETAIN_SELF = YES;
				CLANG_WARN_OBJC_LITERAL_CONVERSION = YES;
				CLANG_WARN_OBJC_ROOT_CLASS = YES_ERROR;
				CLANG_WARN_QUOTED_INCLUDE_IN_FRAMEWORK_HEADER = YES;
				CLANG_WARN_RANGE_LOOP_ANALYSIS = YES;
				CLANG_WARN_STRICT_PROTOTYPES = YES;
				CLANG_WARN_SUSPICIOUS_MOVE = YES;
				CLANG_WARN_UNGUARDED_AVAILABILITY = YES_AGGRESSIVE;
				CLANG_WARN_UNREACHABLE_CODE = YES;
				CLANG_WARN__DUPLICATE_METHOD_MATCH = YES;
				COPY_PHASE_STRIP = NO;
				DEBUG_INFORMATION_FORMAT = dwarf;
				ENABLE_STRICT_OBJC_MSGSEND = YES;
				ENABLE_TESTABILITY = YES;
				GCC_C_LANGUAGE_STANDARD = gnu11;
				GCC_DYNAMIC_NO_PIC = NO;
				GCC_NO_COMMON_BLOCKS = YES;
				GCC_OPTIMIZATION_LEVEL = 0;
				GCC_PREPROCESSOR_DEFINITIONS = (
					"DEBUG=1",
					"$(inherited)",
				);
				GCC_WARN_64_TO_32_BIT_CONVERSION = YES;
				GCC_WARN_ABOUT_RETURN_TYPE = YES_ERROR;
				GCC_WARN_UNDECLARED_SELECTOR = YES;
				GCC_WARN_UNINITIALIZED_AUTOS = YES_AGGRESSIVE;
				GCC_WARN_UNUSED_FUNCTION = YES;
				GCC_WARN_UNUSED_VARIABLE = YES;
				IPHONEOS_DEPLOYMENT_TARGET = 16.2;
				MTL_ENABLE_DEBUG_INFO = INCLUDE_SOURCE;
				MTL_FAST_MATH = YES;
				ONLY_ACTIVE_ARCH = YES;
				SDKROOT = iphoneos;
				SWIFT_ACTIVE_COMPILATION_CONDITIONS = DEBUG;
				SWIFT_OPTIMIZATION_LEVEL = "-Onone";
			};
			name = Debug;
		};
		182C9A5C2994AFE600E42D35 /* Release */ = {
			isa = XCBuildConfiguration;
			buildSettings = {
				ALWAYS_SEARCH_USER_PATHS = NO;
				CLANG_ANALYZER_NONNULL = YES;
				CLANG_ANALYZER_NUMBER_OBJECT_CONVERSION = YES_AGGRESSIVE;
				CLANG_CXX_LANGUAGE_STANDARD = "gnu++20";
				CLANG_ENABLE_MODULES = YES;
				CLANG_ENABLE_OBJC_ARC = YES;
				CLANG_ENABLE_OBJC_WEAK = YES;
				CLANG_WARN_BLOCK_CAPTURE_AUTORELEASING = YES;
				CLANG_WARN_BOOL_CONVERSION = YES;
				CLANG_WARN_COMMA = YES;
				CLANG_WARN_CONSTANT_CONVERSION = YES;
				CLANG_WARN_DEPRECATED_OBJC_IMPLEMENTATIONS = YES;
				CLANG_WARN_DIRECT_OBJC_ISA_USAGE = YES_ERROR;
				CLANG_WARN_DOCUMENTATION_COMMENTS = YES;
				CLANG_WARN_EMPTY_BODY = YES;
				CLANG_WARN_ENUM_CONVERSION = YES;
				CLANG_WARN_INFINITE_RECURSION = YES;
				CLANG_WARN_INT_CONVERSION = YES;
				CLANG_WARN_NON_LITERAL_NULL_CONVERSION = YES;
				CLANG_WARN_OBJC_IMPLICIT_RETAIN_SELF = YES;
				CLANG_WARN_OBJC_LITERAL_CONVERSION = YES;
				CLANG_WARN_OBJC_ROOT_CLASS = YES_ERROR;
				CLANG_WARN_QUOTED_INCLUDE_IN_FRAMEWORK_HEADER = YES;
				CLANG_WARN_RANGE_LOOP_ANALYSIS = YES;
				CLANG_WARN_STRICT_PROTOTYPES = YES;
				CLANG_WARN_SUSPICIOUS_MOVE = YES;
				CLANG_WARN_UNGUARDED_AVAILABILITY = YES_AGGRESSIVE;
				CLANG_WARN_UNREACHABLE_CODE = YES;
				CLANG_WARN__DUPLICATE_METHOD_MATCH = YES;
				COPY_PHASE_STRIP = NO;
				DEBUG_INFORMATION_FORMAT = "dwarf-with-dsym";
				ENABLE_NS_ASSERTIONS = NO;
				ENABLE_STRICT_OBJC_MSGSEND = YES;
				GCC_C_LANGUAGE_STANDARD = gnu11;
				GCC_NO_COMMON_BLOCKS = YES;
				GCC_WARN_64_TO_32_BIT_CONVERSION = YES;
				GCC_WARN_ABOUT_RETURN_TYPE = YES_ERROR;
				GCC_WARN_UNDECLARED_SELECTOR = YES;
				GCC_WARN_UNINITIALIZED_AUTOS = YES_AGGRESSIVE;
				GCC_WARN_UNUSED_FUNCTION = YES;
				GCC_WARN_UNUSED_VARIABLE = YES;
				IPHONEOS_DEPLOYMENT_TARGET = 16.2;
				MTL_ENABLE_DEBUG_INFO = NO;
				MTL_FAST_MATH = YES;
				SDKROOT = iphoneos;
				SWIFT_COMPILATION_MODE = wholemodule;
				SWIFT_OPTIMIZATION_LEVEL = "-O";
				VALIDATE_PRODUCT = YES;
			};
			name = Release;
		};
		182C9A5E2994AFE600E42D35 /* Debug */ = {
			isa = XCBuildConfiguration;
			buildSettings = {
				ASSETCATALOG_COMPILER_APPICON_NAME = AppIcon;
				ASSETCATALOG_COMPILER_GLOBAL_ACCENT_COLOR_NAME = AccentColor;
				CODE_SIGN_STYLE = Automatic;
				CURRENT_PROJECT_VERSION = 1;
				DEVELOPMENT_TEAM = JBCZTALUKA;
				GENERATE_INFOPLIST_FILE = YES;
				INFOPLIST_FILE = DesignPattern/Info.plist;
				INFOPLIST_KEY_UIApplicationSupportsIndirectInputEvents = YES;
				INFOPLIST_KEY_UILaunchStoryboardName = LaunchScreen;
				INFOPLIST_KEY_UIMainStoryboardFile = Main;
				INFOPLIST_KEY_UISupportedInterfaceOrientations_iPad = "UIInterfaceOrientationPortrait UIInterfaceOrientationPortraitUpsideDown UIInterfaceOrientationLandscapeLeft UIInterfaceOrientationLandscapeRight";
				INFOPLIST_KEY_UISupportedInterfaceOrientations_iPhone = "UIInterfaceOrientationPortrait UIInterfaceOrientationLandscapeLeft UIInterfaceOrientationLandscapeRight";
				LD_RUNPATH_SEARCH_PATHS = (
					"$(inherited)",
					"@executable_path/Frameworks",
				);
				MARKETING_VERSION = 1.0;
				PRODUCT_BUNDLE_IDENTIFIER = com.ahmed.sadat.DesignPattern;
				PRODUCT_NAME = "$(TARGET_NAME)";
				SWIFT_EMIT_LOC_STRINGS = YES;
				SWIFT_VERSION = 5.0;
				TARGETED_DEVICE_FAMILY = "1,2";
			};
			name = Debug;
		};
		182C9A5F2994AFE600E42D35 /* Release */ = {
			isa = XCBuildConfiguration;
			buildSettings = {
				ASSETCATALOG_COMPILER_APPICON_NAME = AppIcon;
				ASSETCATALOG_COMPILER_GLOBAL_ACCENT_COLOR_NAME = AccentColor;
				CODE_SIGN_STYLE = Automatic;
				CURRENT_PROJECT_VERSION = 1;
				DEVELOPMENT_TEAM = JBCZTALUKA;
				GENERATE_INFOPLIST_FILE = YES;
				INFOPLIST_FILE = DesignPattern/Info.plist;
				INFOPLIST_KEY_UIApplicationSupportsIndirectInputEvents = YES;
				INFOPLIST_KEY_UILaunchStoryboardName = LaunchScreen;
				INFOPLIST_KEY_UIMainStoryboardFile = Main;
				INFOPLIST_KEY_UISupportedInterfaceOrientations_iPad = "UIInterfaceOrientationPortrait UIInterfaceOrientationPortraitUpsideDown UIInterfaceOrientationLandscapeLeft UIInterfaceOrientationLandscapeRight";
				INFOPLIST_KEY_UISupportedInterfaceOrientations_iPhone = "UIInterfaceOrientationPortrait UIInterfaceOrientationLandscapeLeft UIInterfaceOrientationLandscapeRight";
				LD_RUNPATH_SEARCH_PATHS = (
					"$(inherited)",
					"@executable_path/Frameworks",
				);
				MARKETING_VERSION = 1.0;
				PRODUCT_BUNDLE_IDENTIFIER = com.ahmed.sadat.DesignPattern;
				PRODUCT_NAME = "$(TARGET_NAME)";
				SWIFT_EMIT_LOC_STRINGS = YES;
				SWIFT_VERSION = 5.0;
				TARGETED_DEVICE_FAMILY = "1,2";
			};
			name = Release;
		};
		182C9A612994AFE600E42D35 /* Debug */ = {
			isa = XCBuildConfiguration;
			buildSettings = {
				ALWAYS_EMBED_SWIFT_STANDARD_LIBRARIES = YES;
				BUNDLE_LOADER = "$(TEST_HOST)";
				CODE_SIGN_STYLE = Automatic;
				CURRENT_PROJECT_VERSION = 1;
				DEVELOPMENT_TEAM = JBCZTALUKA;
				GENERATE_INFOPLIST_FILE = YES;
				IPHONEOS_DEPLOYMENT_TARGET = 16.2;
				MARKETING_VERSION = 1.0;
				PRODUCT_BUNDLE_IDENTIFIER = com.ahmed.sadat.DesignPatternTests;
				PRODUCT_NAME = "$(TARGET_NAME)";
				SWIFT_EMIT_LOC_STRINGS = NO;
				SWIFT_VERSION = 5.0;
				TARGETED_DEVICE_FAMILY = "1,2";
				TEST_HOST = "$(BUILT_PRODUCTS_DIR)/MVVM.app/$(BUNDLE_EXECUTABLE_FOLDER_PATH)/MVVM";
			};
			name = Debug;
		};
		182C9A622994AFE600E42D35 /* Release */ = {
			isa = XCBuildConfiguration;
			buildSettings = {
				ALWAYS_EMBED_SWIFT_STANDARD_LIBRARIES = YES;
				BUNDLE_LOADER = "$(TEST_HOST)";
				CODE_SIGN_STYLE = Automatic;
				CURRENT_PROJECT_VERSION = 1;
				DEVELOPMENT_TEAM = JBCZTALUKA;
				GENERATE_INFOPLIST_FILE = YES;
				IPHONEOS_DEPLOYMENT_TARGET = 16.2;
				MARKETING_VERSION = 1.0;
				PRODUCT_BUNDLE_IDENTIFIER = com.ahmed.sadat.DesignPatternTests;
				PRODUCT_NAME = "$(TARGET_NAME)";
				SWIFT_EMIT_LOC_STRINGS = NO;
				SWIFT_VERSION = 5.0;
				TARGETED_DEVICE_FAMILY = "1,2";
				TEST_HOST = "$(BUILT_PRODUCTS_DIR)/MVVM.app/$(BUNDLE_EXECUTABLE_FOLDER_PATH)/MVVM";
			};
			name = Release;
		};
		182C9A642994AFE600E42D35 /* Debug */ = {
			isa = XCBuildConfiguration;
			buildSettings = {
				ALWAYS_EMBED_SWIFT_STANDARD_LIBRARIES = YES;
				CODE_SIGN_STYLE = Automatic;
				CURRENT_PROJECT_VERSION = 1;
				DEVELOPMENT_TEAM = JBCZTALUKA;
				GENERATE_INFOPLIST_FILE = YES;
				MARKETING_VERSION = 1.0;
				PRODUCT_BUNDLE_IDENTIFIER = com.ahmed.sadat.DesignPatternUITests;
				PRODUCT_NAME = "$(TARGET_NAME)";
				SWIFT_EMIT_LOC_STRINGS = NO;
				SWIFT_VERSION = 5.0;
				TARGETED_DEVICE_FAMILY = "1,2";
				TEST_TARGET_NAME = DesignPattern;
			};
			name = Debug;
		};
		182C9A652994AFE600E42D35 /* Release */ = {
			isa = XCBuildConfiguration;
			buildSettings = {
				ALWAYS_EMBED_SWIFT_STANDARD_LIBRARIES = YES;
				CODE_SIGN_STYLE = Automatic;
				CURRENT_PROJECT_VERSION = 1;
				DEVELOPMENT_TEAM = JBCZTALUKA;
				GENERATE_INFOPLIST_FILE = YES;
				MARKETING_VERSION = 1.0;
				PRODUCT_BUNDLE_IDENTIFIER = com.ahmed.sadat.DesignPatternUITests;
				PRODUCT_NAME = "$(TARGET_NAME)";
				SWIFT_EMIT_LOC_STRINGS = NO;
				SWIFT_VERSION = 5.0;
				TARGETED_DEVICE_FAMILY = "1,2";
				TEST_TARGET_NAME = DesignPattern;
			};
			name = Release;
		};
/* End XCBuildConfiguration section */

/* Begin XCConfigurationList section */
		182C9A2E2994AFE400E42D35 /* Build configuration list for PBXProject "MVVM" */ = {
			isa = XCConfigurationList;
			buildConfigurations = (
				182C9A5B2994AFE600E42D35 /* Debug */,
				182C9A5C2994AFE600E42D35 /* Release */,
			);
			defaultConfigurationIsVisible = 0;
			defaultConfigurationName = Release;
		};
		182C9A5D2994AFE600E42D35 /* Build configuration list for PBXNativeTarget "MVVM" */ = {
			isa = XCConfigurationList;
			buildConfigurations = (
				182C9A5E2994AFE600E42D35 /* Debug */,
				182C9A5F2994AFE600E42D35 /* Release */,
			);
			defaultConfigurationIsVisible = 0;
			defaultConfigurationName = Release;
		};
		182C9A602994AFE600E42D35 /* Build configuration list for PBXNativeTarget "MVVMTests" */ = {
			isa = XCConfigurationList;
			buildConfigurations = (
				182C9A612994AFE600E42D35 /* Debug */,
				182C9A622994AFE600E42D35 /* Release */,
			);
			defaultConfigurationIsVisible = 0;
			defaultConfigurationName = Release;
		};
		182C9A632994AFE600E42D35 /* Build configuration list for PBXNativeTarget "MVVMUITests" */ = {
			isa = XCConfigurationList;
			buildConfigurations = (
				182C9A642994AFE600E42D35 /* Debug */,
				182C9A652994AFE600E42D35 /* Release */,
			);
			defaultConfigurationIsVisible = 0;
			defaultConfigurationName = Release;
		};
/* End XCConfigurationList section */
	};
	rootObject = 182C9A2B2994AFE400E42D35 /* Project object */;
}
